
Microsoft Visual Studio Solution File, Format Version 12.00
# Visual Studio Version 16
VisualStudioVersion = 16.0.29519.181
MinimumVisualStudioVersion = 10.0.40219.1
Project("{FAE04EC0-301F-11D3-BF4B-00C04F79EFBC}") = "Trustie", "Trustie.csproj", "{5C412CC7-7C15-48AE-B062-D0ECF14A01CA}"
EndProject
Project("{FAE04EC0-301F-11D3-BF4B-00C04F79EFBC}") = "TrustieTests", "..\TrustieTests\TrustieTests.csproj", "{D20169F5-C9A4-4DFA-A632-3EE147553035}"
EndProject
Global
	GlobalSection(SolutionConfigurationPlatforms) = preSolution
		Debug|Any CPU = Debug|Any CPU
		Release|Any CPU = Release|Any CPU
	EndGlobalSection
	GlobalSection(ProjectConfigurationPlatforms) = postSolution
		{5C412CC7-7C15-48AE-B062-D0ECF14A01CA}.Debug|Any CPU.ActiveCfg = Debug|Any CPU
		{5C412CC7-7C15-48AE-B062-D0ECF14A01CA}.Debug|Any CPU.Build.0 = Debug|Any CPU
		{5C412CC7-7C15-48AE-B062-D0ECF14A01CA}.Release|Any CPU.ActiveCfg = Release|Any CPU
		{5C412CC7-7C15-48AE-B062-D0ECF14A01CA}.Release|Any CPU.Build.0 = Release|Any CPU
		{D20169F5-C9A4-4DFA-A632-3EE147553035}.Debug|Any CPU.ActiveCfg = Debug|Any CPU
		{D20169F5-C9A4-4DFA-A632-3EE147553035}.Debug|Any CPU.Build.0 = Debug|Any CPU
		{D20169F5-C9A4-4DFA-A632-3EE147553035}.Release|Any CPU.ActiveCfg = Release|Any CPU
		{D20169F5-C9A4-4DFA-A632-3EE147553035}.Release|Any CPU.Build.0 = Release|Any CPU
	EndGlobalSection
	GlobalSection(SolutionProperties) = preSolution
		HideSolutionNode = FALSE
	EndGlobalSection
	GlobalSection(ExtensibilityGlobals) = postSolution
		SolutionGuid = {4D0AEDEB-F313-43D2-9137-06D6DDDC8013}
	EndGlobalSection
EndGlobal
